
Microsoft Visual Studio Solution File, Format Version 12.00
# Visual Studio 15
VisualStudioVersion = 15.0.28010.2041
MinimumVisualStudioVersion = 10.0.40219.1
Project("{FAE04EC0-301F-11D3-BF4B-00C04F79EFBC}") = "ABPExtensions", "ABPExtensions\ABPExtensions.csproj", "{35BDA4A6-9366-410C-9FB9-4529AA248FB4}"
EndProject
Global
	GlobalSection(SolutionConfigurationPlatforms) = preSolution
		Debug|Any CPU = Debug|Any CPU
		Release|Any CPU = Release|Any CPU
	EndGlobalSection
	GlobalSection(ProjectConfigurationPlatforms) = postSolution
		{35BDA4A6-9366-410C-9FB9-4529AA248FB4}.Debug|Any CPU.ActiveCfg = Debug|Any CPU
		{35BDA4A6-9366-410C-9FB9-4529AA248FB4}.Debug|Any CPU.Build.0 = Debug|Any CPU
		{35BDA4A6-9366-410C-9FB9-4529AA248FB4}.Release|Any CPU.ActiveCfg = Release|Any CPU
		{35BDA4A6-9366-410C-9FB9-4529AA248FB4}.Release|Any CPU.Build.0 = Release|Any CPU
	EndGlobalSection
	GlobalSection(SolutionProperties) = preSolution
		HideSolutionNode = FALSE
	EndGlobalSection
	GlobalSection(ExtensibilityGlobals) = postSolution
		SolutionGuid = {95683C43-9FDA-41C7-BBE8-1EAAA5521735}
	EndGlobalSection
EndGlobal
